{
  "name": "41SLSP_NETWORK-CENTRAL_PACKAGE",
  "version": "1.0.0",
  "lockfileVersion": 1,
  "requires": true,
  "dependencies": {
    "primo-explore-eth-metagrid": {
      "version": "0.0.3",
      "resolved": "https://registry.npmjs.org/primo-explore-eth-metagrid/-/primo-explore-eth-metagrid-0.0.3.tgz",
      "integrity": "sha512-NxVGi79a6E7mnsUq4J72M+v/85r7NymdYJY+TcBbIpDV3o8QhmWlZl1bb+uKkYNOr9GMQJ5xkf5mwRGIX0TH1w==",
      "dev": true
    }
  }
}
